
Microsoft Visual Studio Solution File, Format Version 12.00
# Visual Studio Version 16
VisualStudioVersion = 16.0.29209.62
MinimumVisualStudioVersion = 10.0.40219.1
Project("{9A19103F-16F7-4668-BE54-9A1E7A4F7556}") = "GameModels", "GameModels\GameModels.csproj", "{90A07E61-68E7-46B7-A9B2-C9CC3B6FE681}"
EndProject
Project("{9A19103F-16F7-4668-BE54-9A1E7A4F7556}") = "Site", "Site\Site.csproj", "{C1E5E7F7-3D3A-4C94-B2AE-AE280F11BACC}"
EndProject
Project("{9A19103F-16F7-4668-BE54-9A1E7A4F7556}") = "GameGenerator", "GameGenerator\GameGenerator.csproj", "{9D786014-552B-4F99-A247-9811ACFAC6DB}"
EndProject
Project("{FAE04EC0-301F-11D3-BF4B-00C04F79EFBC}") = "GameLogic", "GameLogic\GameLogic.csproj", "{7D152559-222D-45C6-A408-E098BED2C774}"
EndProject
Global
	GlobalSection(SolutionConfigurationPlatforms) = preSolution
		Debug|Any CPU = Debug|Any CPU
		Release|Any CPU = Release|Any CPU
	EndGlobalSection
	GlobalSection(ProjectConfigurationPlatforms) = postSolution
		{90A07E61-68E7-46B7-A9B2-C9CC3B6FE681}.Debug|Any CPU.ActiveCfg = Debug|Any CPU
		{90A07E61-68E7-46B7-A9B2-C9CC3B6FE681}.Debug|Any CPU.Build.0 = Debug|Any CPU
		{90A07E61-68E7-46B7-A9B2-C9CC3B6FE681}.Release|Any CPU.ActiveCfg = Release|Any CPU
		{90A07E61-68E7-46B7-A9B2-C9CC3B6FE681}.Release|Any CPU.Build.0 = Release|Any CPU
		{C1E5E7F7-3D3A-4C94-B2AE-AE280F11BACC}.Debug|Any CPU.ActiveCfg = Debug|Any CPU
		{C1E5E7F7-3D3A-4C94-B2AE-AE280F11BACC}.Debug|Any CPU.Build.0 = Debug|Any CPU
		{C1E5E7F7-3D3A-4C94-B2AE-AE280F11BACC}.Release|Any CPU.ActiveCfg = Release|Any CPU
		{C1E5E7F7-3D3A-4C94-B2AE-AE280F11BACC}.Release|Any CPU.Build.0 = Release|Any CPU
		{9D786014-552B-4F99-A247-9811ACFAC6DB}.Debug|Any CPU.ActiveCfg = Debug|Any CPU
		{9D786014-552B-4F99-A247-9811ACFAC6DB}.Debug|Any CPU.Build.0 = Debug|Any CPU
		{9D786014-552B-4F99-A247-9811ACFAC6DB}.Release|Any CPU.ActiveCfg = Release|Any CPU
		{9D786014-552B-4F99-A247-9811ACFAC6DB}.Release|Any CPU.Build.0 = Release|Any CPU
		{7D152559-222D-45C6-A408-E098BED2C774}.Debug|Any CPU.ActiveCfg = Debug|Any CPU
		{7D152559-222D-45C6-A408-E098BED2C774}.Debug|Any CPU.Build.0 = Debug|Any CPU
		{7D152559-222D-45C6-A408-E098BED2C774}.Release|Any CPU.ActiveCfg = Release|Any CPU
		{7D152559-222D-45C6-A408-E098BED2C774}.Release|Any CPU.Build.0 = Release|Any CPU
	EndGlobalSection
	GlobalSection(SolutionProperties) = preSolution
		HideSolutionNode = FALSE
	EndGlobalSection
	GlobalSection(ExtensibilityGlobals) = postSolution
		SolutionGuid = {A2D6276B-19C4-40D4-9747-67B57648E812}
	EndGlobalSection
EndGlobal
