
Microsoft Visual Studio Solution File, Format Version 12.00
# Visual Studio Express 2012 for Web
Project("{FAE04EC0-301F-11D3-BF4B-00C04F79EFBC}") = "TechTree", "TechTree\TechTree.csproj", "{8317A06C-37C2-40E4-8573-E1BCA7034521}"
EndProject
Project("{FAE04EC0-301F-11D3-BF4B-00C04F79EFBC}") = "GameLogic", "GameLogic\GameLogic.csproj", "{F55AF3EA-9F09-42D1-BAF2-D87635E41368}"
EndProject
Project("{FAE04EC0-301F-11D3-BF4B-00C04F79EFBC}") = "TreeViewer", "TreeViewer\TreeViewer.csproj", "{D51E3043-56D3-42F0-822A-AA86D0754BB5}"
EndProject
Global
	GlobalSection(SolutionConfigurationPlatforms) = preSolution
		Debug|Any CPU = Debug|Any CPU
		Debug|Mixed Platforms = Debug|Mixed Platforms
		Debug|x86 = Debug|x86
		Release|Any CPU = Release|Any CPU
		Release|Mixed Platforms = Release|Mixed Platforms
		Release|x86 = Release|x86
	EndGlobalSection
	GlobalSection(ProjectConfigurationPlatforms) = postSolution
		{8317A06C-37C2-40E4-8573-E1BCA7034521}.Debug|Any CPU.ActiveCfg = Debug|Any CPU
		{8317A06C-37C2-40E4-8573-E1BCA7034521}.Debug|Any CPU.Build.0 = Debug|Any CPU
		{8317A06C-37C2-40E4-8573-E1BCA7034521}.Debug|Mixed Platforms.ActiveCfg = Debug|Any CPU
		{8317A06C-37C2-40E4-8573-E1BCA7034521}.Debug|Mixed Platforms.Build.0 = Debug|Any CPU
		{8317A06C-37C2-40E4-8573-E1BCA7034521}.Debug|x86.ActiveCfg = Debug|Any CPU
		{8317A06C-37C2-40E4-8573-E1BCA7034521}.Release|Any CPU.ActiveCfg = Release|Any CPU
		{8317A06C-37C2-40E4-8573-E1BCA7034521}.Release|Any CPU.Build.0 = Release|Any CPU
		{8317A06C-37C2-40E4-8573-E1BCA7034521}.Release|Mixed Platforms.ActiveCfg = Release|Any CPU
		{8317A06C-37C2-40E4-8573-E1BCA7034521}.Release|Mixed Platforms.Build.0 = Release|Any CPU
		{8317A06C-37C2-40E4-8573-E1BCA7034521}.Release|x86.ActiveCfg = Release|Any CPU
		{F55AF3EA-9F09-42D1-BAF2-D87635E41368}.Debug|Any CPU.ActiveCfg = Debug|Any CPU
		{F55AF3EA-9F09-42D1-BAF2-D87635E41368}.Debug|Any CPU.Build.0 = Debug|Any CPU
		{F55AF3EA-9F09-42D1-BAF2-D87635E41368}.Debug|Mixed Platforms.ActiveCfg = Debug|Any CPU
		{F55AF3EA-9F09-42D1-BAF2-D87635E41368}.Debug|Mixed Platforms.Build.0 = Debug|Any CPU
		{F55AF3EA-9F09-42D1-BAF2-D87635E41368}.Debug|x86.ActiveCfg = Debug|Any CPU
		{F55AF3EA-9F09-42D1-BAF2-D87635E41368}.Release|Any CPU.ActiveCfg = Release|Any CPU
		{F55AF3EA-9F09-42D1-BAF2-D87635E41368}.Release|Any CPU.Build.0 = Release|Any CPU
		{F55AF3EA-9F09-42D1-BAF2-D87635E41368}.Release|Mixed Platforms.ActiveCfg = Release|Any CPU
		{F55AF3EA-9F09-42D1-BAF2-D87635E41368}.Release|Mixed Platforms.Build.0 = Release|Any CPU
		{F55AF3EA-9F09-42D1-BAF2-D87635E41368}.Release|x86.ActiveCfg = Release|Any CPU
		{D51E3043-56D3-42F0-822A-AA86D0754BB5}.Debug|Any CPU.ActiveCfg = Debug|x86
		{D51E3043-56D3-42F0-822A-AA86D0754BB5}.Debug|Mixed Platforms.ActiveCfg = Debug|x86
		{D51E3043-56D3-42F0-822A-AA86D0754BB5}.Debug|Mixed Platforms.Build.0 = Debug|x86
		{D51E3043-56D3-42F0-822A-AA86D0754BB5}.Debug|x86.ActiveCfg = Debug|x86
		{D51E3043-56D3-42F0-822A-AA86D0754BB5}.Debug|x86.Build.0 = Debug|x86
		{D51E3043-56D3-42F0-822A-AA86D0754BB5}.Release|Any CPU.ActiveCfg = Release|x86
		{D51E3043-56D3-42F0-822A-AA86D0754BB5}.Release|Mixed Platforms.ActiveCfg = Release|x86
		{D51E3043-56D3-42F0-822A-AA86D0754BB5}.Release|Mixed Platforms.Build.0 = Release|x86
		{D51E3043-56D3-42F0-822A-AA86D0754BB5}.Release|x86.ActiveCfg = Release|x86
		{D51E3043-56D3-42F0-822A-AA86D0754BB5}.Release|x86.Build.0 = Release|x86
	EndGlobalSection
	GlobalSection(SolutionProperties) = preSolution
		HideSolutionNode = FALSE
	EndGlobalSection
EndGlobal
